
Microsoft Visual Studio Solution File, Format Version 12.00
# Visual Studio Version 16
VisualStudioVersion = 16.0.30413.136
MinimumVisualStudioVersion = 10.0.40219.1
Project("{FAE04EC0-301F-11D3-BF4B-00C04F79EFBC}") = "ShopProduct", "ShopProduct\ShopProduct.csproj", "{CC97A03E-E980-443E-8965-861D6E1AD3B3}"
EndProject
Global
	GlobalSection(SolutionConfigurationPlatforms) = preSolution
		Debug|Any CPU = Debug|Any CPU
		Release|Any CPU = Release|Any CPU
	EndGlobalSection
	GlobalSection(ProjectConfigurationPlatforms) = postSolution
		{CC97A03E-E980-443E-8965-861D6E1AD3B3}.Debug|Any CPU.ActiveCfg = Debug|Any CPU
		{CC97A03E-E980-443E-8965-861D6E1AD3B3}.Debug|Any CPU.Build.0 = Debug|Any CPU
		{CC97A03E-E980-443E-8965-861D6E1AD3B3}.Release|Any CPU.ActiveCfg = Release|Any CPU
		{CC97A03E-E980-443E-8965-861D6E1AD3B3}.Release|Any CPU.Build.0 = Release|Any CPU
	EndGlobalSection
	GlobalSection(SolutionProperties) = preSolution
		HideSolutionNode = FALSE
	EndGlobalSection
	GlobalSection(ExtensibilityGlobals) = postSolution
		SolutionGuid = {0C25B183-59BF-4F78-A977-580ED54DF931}
	EndGlobalSection
EndGlobal
