
Microsoft Visual Studio Solution File, Format Version 12.00
# Visual Studio Version 16
VisualStudioVersion = 16.0.30413.136
MinimumVisualStudioVersion = 10.0.40219.1
Project("{FAE04EC0-301F-11D3-BF4B-00C04F79EFBC}") = "ExamASP", "ExamASP\ExamASP.csproj", "{92D58986-4114-44CE-ADE8-8F282B9A2945}"
EndProject
Global
	GlobalSection(SolutionConfigurationPlatforms) = preSolution
		Debug|Any CPU = Debug|Any CPU
		Release|Any CPU = Release|Any CPU
	EndGlobalSection
	GlobalSection(ProjectConfigurationPlatforms) = postSolution
		{92D58986-4114-44CE-ADE8-8F282B9A2945}.Debug|Any CPU.ActiveCfg = Debug|Any CPU
		{92D58986-4114-44CE-ADE8-8F282B9A2945}.Debug|Any CPU.Build.0 = Debug|Any CPU
		{92D58986-4114-44CE-ADE8-8F282B9A2945}.Release|Any CPU.ActiveCfg = Release|Any CPU
		{92D58986-4114-44CE-ADE8-8F282B9A2945}.Release|Any CPU.Build.0 = Release|Any CPU
	EndGlobalSection
	GlobalSection(SolutionProperties) = preSolution
		HideSolutionNode = FALSE
	EndGlobalSection
	GlobalSection(ExtensibilityGlobals) = postSolution
		SolutionGuid = {650471C3-DBC6-4A8C-937F-DA8B31178AC8}
	EndGlobalSection
EndGlobal
